
Microsoft Visual Studio Solution File, Format Version 12.00
# Visual Studio Version 16
VisualStudioVersion = 16.0.30011.22
MinimumVisualStudioVersion = 10.0.40219.1
Project("{FAE04EC0-301F-11D3-BF4B-00C04F79EFBC}") = "LightParty", "LightParty\LightParty.csproj", "{58938BCB-A88E-420F-AEDC-0A7B93AAFDDA}"
EndProject
Project("{C7167F0D-BC9F-4E6E-AFE1-012C56B48DB5}") = "LightPartyPackage", "LightPartyPackage\LightPartyPackage.wapproj", "{99FE74C9-B940-4BFC-AE1F-15C65FAF7D49}"
EndProject
Global
	GlobalSection(SolutionConfigurationPlatforms) = preSolution
		Debug|Any CPU = Debug|Any CPU
		Debug|ARM = Debug|ARM
		Debug|ARM64 = Debug|ARM64
		Debug|x64 = Debug|x64
		Debug|x86 = Debug|x86
		Release|Any CPU = Release|Any CPU
		Release|ARM = Release|ARM
		Release|ARM64 = Release|ARM64
		Release|x64 = Release|x64
		Release|x86 = Release|x86
	EndGlobalSection
	GlobalSection(ProjectConfigurationPlatforms) = postSolution
		{58938BCB-A88E-420F-AEDC-0A7B93AAFDDA}.Debug|Any CPU.ActiveCfg = Debug|x86
		{58938BCB-A88E-420F-AEDC-0A7B93AAFDDA}.Debug|ARM.ActiveCfg = Debug|ARM
		{58938BCB-A88E-420F-AEDC-0A7B93AAFDDA}.Debug|ARM.Build.0 = Debug|ARM
		{58938BCB-A88E-420F-AEDC-0A7B93AAFDDA}.Debug|ARM.Deploy.0 = Debug|ARM
		{58938BCB-A88E-420F-AEDC-0A7B93AAFDDA}.Debug|ARM64.ActiveCfg = Debug|ARM64
		{58938BCB-A88E-420F-AEDC-0A7B93AAFDDA}.Debug|ARM64.Build.0 = Debug|ARM64
		{58938BCB-A88E-420F-AEDC-0A7B93AAFDDA}.Debug|ARM64.Deploy.0 = Debug|ARM64
		{58938BCB-A88E-420F-AEDC-0A7B93AAFDDA}.Debug|x64.ActiveCfg = Debug|x64
		{58938BCB-A88E-420F-AEDC-0A7B93AAFDDA}.Debug|x64.Build.0 = Debug|x64
		{58938BCB-A88E-420F-AEDC-0A7B93AAFDDA}.Debug|x64.Deploy.0 = Debug|x64
		{58938BCB-A88E-420F-AEDC-0A7B93AAFDDA}.Debug|x86.ActiveCfg = Debug|x86
		{58938BCB-A88E-420F-AEDC-0A7B93AAFDDA}.Debug|x86.Build.0 = Debug|x86
		{58938BCB-A88E-420F-AEDC-0A7B93AAFDDA}.Debug|x86.Deploy.0 = Debug|x86
		{58938BCB-A88E-420F-AEDC-0A7B93AAFDDA}.Release|Any CPU.ActiveCfg = Release|x86
		{58938BCB-A88E-420F-AEDC-0A7B93AAFDDA}.Release|ARM.ActiveCfg = Release|ARM
		{58938BCB-A88E-420F-AEDC-0A7B93AAFDDA}.Release|ARM.Build.0 = Release|ARM
		{58938BCB-A88E-420F-AEDC-0A7B93AAFDDA}.Release|ARM.Deploy.0 = Release|ARM
		{58938BCB-A88E-420F-AEDC-0A7B93AAFDDA}.Release|ARM64.ActiveCfg = Release|ARM64
		{58938BCB-A88E-420F-AEDC-0A7B93AAFDDA}.Release|ARM64.Build.0 = Release|ARM64
		{58938BCB-A88E-420F-AEDC-0A7B93AAFDDA}.Release|ARM64.Deploy.0 = Release|ARM64
		{58938BCB-A88E-420F-AEDC-0A7B93AAFDDA}.Release|x64.ActiveCfg = Release|x64
		{58938BCB-A88E-420F-AEDC-0A7B93AAFDDA}.Release|x64.Build.0 = Release|x64
		{58938BCB-A88E-420F-AEDC-0A7B93AAFDDA}.Release|x64.Deploy.0 = Release|x64
		{58938BCB-A88E-420F-AEDC-0A7B93AAFDDA}.Release|x86.ActiveCfg = Release|x86
		{58938BCB-A88E-420F-AEDC-0A7B93AAFDDA}.Release|x86.Build.0 = Release|x86
		{58938BCB-A88E-420F-AEDC-0A7B93AAFDDA}.Release|x86.Deploy.0 = Release|x86
		{99FE74C9-B940-4BFC-AE1F-15C65FAF7D49}.Debug|Any CPU.ActiveCfg = Debug|Any CPU
		{99FE74C9-B940-4BFC-AE1F-15C65FAF7D49}.Debug|Any CPU.Build.0 = Debug|Any CPU
		{99FE74C9-B940-4BFC-AE1F-15C65FAF7D49}.Debug|Any CPU.Deploy.0 = Debug|Any CPU
		{99FE74C9-B940-4BFC-AE1F-15C65FAF7D49}.Debug|ARM.ActiveCfg = Debug|ARM
		{99FE74C9-B940-4BFC-AE1F-15C65FAF7D49}.Debug|ARM.Build.0 = Debug|ARM
		{99FE74C9-B940-4BFC-AE1F-15C65FAF7D49}.Debug|ARM.Deploy.0 = Debug|ARM
		{99FE74C9-B940-4BFC-AE1F-15C65FAF7D49}.Debug|ARM64.ActiveCfg = Debug|ARM64
		{99FE74C9-B940-4BFC-AE1F-15C65FAF7D49}.Debug|ARM64.Build.0 = Debug|ARM64
		{99FE74C9-B940-4BFC-AE1F-15C65FAF7D49}.Debug|ARM64.Deploy.0 = Debug|ARM64
		{99FE74C9-B940-4BFC-AE1F-15C65FAF7D49}.Debug|x64.ActiveCfg = Debug|x64
		{99FE74C9-B940-4BFC-AE1F-15C65FAF7D49}.Debug|x64.Build.0 = Debug|x64
		{99FE74C9-B940-4BFC-AE1F-15C65FAF7D49}.Debug|x64.Deploy.0 = Debug|x64
		{99FE74C9-B940-4BFC-AE1F-15C65FAF7D49}.Debug|x86.ActiveCfg = Debug|x86
		{99FE74C9-B940-4BFC-AE1F-15C65FAF7D49}.Debug|x86.Build.0 = Debug|x86
		{99FE74C9-B940-4BFC-AE1F-15C65FAF7D49}.Debug|x86.Deploy.0 = Debug|x86
		{99FE74C9-B940-4BFC-AE1F-15C65FAF7D49}.Release|Any CPU.ActiveCfg = Release|Any CPU
		{99FE74C9-B940-4BFC-AE1F-15C65FAF7D49}.Release|Any CPU.Build.0 = Release|Any CPU
		{99FE74C9-B940-4BFC-AE1F-15C65FAF7D49}.Release|Any CPU.Deploy.0 = Release|Any CPU
		{99FE74C9-B940-4BFC-AE1F-15C65FAF7D49}.Release|ARM.ActiveCfg = Release|ARM
		{99FE74C9-B940-4BFC-AE1F-15C65FAF7D49}.Release|ARM.Build.0 = Release|ARM
		{99FE74C9-B940-4BFC-AE1F-15C65FAF7D49}.Release|ARM.Deploy.0 = Release|ARM
		{99FE74C9-B940-4BFC-AE1F-15C65FAF7D49}.Release|ARM64.ActiveCfg = Release|ARM64
		{99FE74C9-B940-4BFC-AE1F-15C65FAF7D49}.Release|ARM64.Build.0 = Release|ARM64
		{99FE74C9-B940-4BFC-AE1F-15C65FAF7D49}.Release|ARM64.Deploy.0 = Release|ARM64
		{99FE74C9-B940-4BFC-AE1F-15C65FAF7D49}.Release|x64.ActiveCfg = Release|x64
		{99FE74C9-B940-4BFC-AE1F-15C65FAF7D49}.Release|x64.Build.0 = Release|x64
		{99FE74C9-B940-4BFC-AE1F-15C65FAF7D49}.Release|x64.Deploy.0 = Release|x64
		{99FE74C9-B940-4BFC-AE1F-15C65FAF7D49}.Release|x86.ActiveCfg = Release|x86
		{99FE74C9-B940-4BFC-AE1F-15C65FAF7D49}.Release|x86.Build.0 = Release|x86
		{99FE74C9-B940-4BFC-AE1F-15C65FAF7D49}.Release|x86.Deploy.0 = Release|x86
	EndGlobalSection
	GlobalSection(SolutionProperties) = preSolution
		HideSolutionNode = FALSE
	EndGlobalSection
	GlobalSection(ExtensibilityGlobals) = postSolution
		SolutionGuid = {F0DEE827-DD5C-42C7-AD4B-389B3954A6A1}
	EndGlobalSection
EndGlobal
